{
  "version": 4,
  "terraform_version": "1.11.3",
  "serial": 69,
  "lineage": "0566c897-60f6-35e6-c629-6182f166eb3d",
  "outputs": {},
  "resources": [
    {
      "mode": "data",
      "type": "aws_route53_zone",
      "name": "hosted_zone",
      "provider": "provider[\"registry.terraform.io/hashicorp/aws\"]",
      "instances": [
        {
          "schema_version": 0,
          "attributes": {
            "arn": "arn:aws:route53:::hostedzone/Z04767642GI5V70LNS8AO",
            "caller_reference": "RISWorkflow-RD:001c9b5a-d1ba-49e7-8603-253a0c773e28",
            "comment": "HostedZone created by Route53 Registrar",
            "id": "Z04767642GI5V70LNS8AO",
            "linked_service_description": null,
            "linked_service_principal": null,
            "name": "angelfestuspharmacy.com",
            "name_servers": [
              "ns-231.awsdns-28.com",
              "ns-761.awsdns-31.net",
              "ns-1289.awsdns-33.org",
              "ns-1726.awsdns-23.co.uk"
            ],
            "primary_name_server": "ns-231.awsdns-28.com",
            "private_zone": false,
            "resource_record_set_count": 3,
            "tags": {},
            "vpc_id": null,
            "zone_id": "Z04767642GI5V70LNS8AO"
          },
          "sensitive_attributes": []
        }
      ]
    },
    {
      "mode": "managed",
      "type": "aws_acm_certificate",
      "name": "ssl_certificate",
      "provider": "provider[\"registry.terraform.io/hashicorp/aws\"]",
      "instances": [
        {
          "schema_version": 0,
          "attributes": {
            "arn": "arn:aws:acm:us-east-1:203918841420:certificate/d7126e33-d8b6-43a6-b2c1-e308212f1856",
            "certificate_authority_arn": "",
            "certificate_body": null,
            "certificate_chain": null,
            "domain_name": "angelfestuspharmacy.com",
            "domain_validation_options": [
              {
                "domain_name": "*.angelfestuspharmacy.com",
                "resource_record_name": "_ea7ae932dd838e44ae291dedca55adb6.angelfestuspharmacy.com.",
                "resource_record_type": "CNAME",
                "resource_record_value": "_7a5cbb650e72fb496e0a3767bee7c81e.zfyfvmchrl.acm-validations.aws."
              },
              {
                "domain_name": "angelfestuspharmacy.com",
                "resource_record_name": "_ea7ae932dd838e44ae291dedca55adb6.angelfestuspharmacy.com.",
                "resource_record_type": "CNAME",
                "resource_record_value": "_7a5cbb650e72fb496e0a3767bee7c81e.zfyfvmchrl.acm-validations.aws."
              }
            ],
            "early_renewal_duration": "",
            "id": "arn:aws:acm:us-east-1:203918841420:certificate/d7126e33-d8b6-43a6-b2c1-e308212f1856",
            "key_algorithm": "RSA_2048",
            "not_after": "2026-05-22T23:59:59Z",
            "not_before": "2025-04-23T00:00:00Z",
            "options": [
              {
                "certificate_transparency_logging_preference": "ENABLED"
              }
            ],
            "pending_renewal": false,
            "private_key": null,
            "renewal_eligibility": "ELIGIBLE",
            "renewal_summary": [],
            "status": "ISSUED",
            "subject_alternative_names": [
              "*.angelfestuspharmacy.com",
              "angelfestuspharmacy.com"
            ],
            "tags": {
              "Name": "patty moore SSL Certificate"
            },
            "tags_all": {
              "Name": "patty moore SSL Certificate"
            },
            "type": "AMAZON_ISSUED",
            "validation_emails": [],
            "validation_method": "DNS",
            "validation_option": []
          },
          "sensitive_attributes": [
            [
              {
                "type": "get_attr",
                "value": "private_key"
              }
            ]
          ],
          "private": "bnVsbA==",
          "create_before_destroy": true
        }
      ]
    },
    {
      "mode": "managed",
      "type": "aws_acm_certificate_validation",
      "name": "cert_validation",
      "provider": "provider[\"registry.terraform.io/hashicorp/aws\"]",
      "instances": [
        {
          "schema_version": 0,
          "attributes": {
            "certificate_arn": "arn:aws:acm:us-east-1:203918841420:certificate/d7126e33-d8b6-43a6-b2c1-e308212f1856",
            "id": "2025-04-23 22:09:42.561 +0000 UTC",
            "timeouts": null,
            "validation_record_fqdns": [
              "_ea7ae932dd838e44ae291dedca55adb6.angelfestuspharmacy.com"
            ]
          },
          "sensitive_attributes": [],
          "private": "eyJlMmJmYjczMC1lY2FhLTExZTYtOGY4OC0zNDM2M2JjN2M0YzAiOnsiY3JlYXRlIjo0NTAwMDAwMDAwMDAwfX0=",
          "dependencies": [
            "aws_acm_certificate.ssl_certificate",
            "aws_route53_record.cert_validation",
            "data.aws_route53_zone.hosted_zone"
          ]
        }
      ]
    },
    {
      "mode": "managed",
      "type": "aws_autoscaling_attachment",
      "name": "asg_alb_target_group_attachment",
      "provider": "provider[\"registry.terraform.io/hashicorp/aws\"]",
      "instances": [
        {
          "schema_version": 0,
          "attributes": {
            "autoscaling_group_name": "dev-asg",
            "elb": null,
            "id": "dev-asg-20250423221006340700000005",
            "lb_target_group_arn": "arn:aws:elasticloadbalancing:us-east-1:203918841420:targetgroup/patty-moore-TG/560c2d861489415d"
          },
          "sensitive_attributes": [],
          "private": "bnVsbA==",
          "dependencies": [
            "aws_autoscaling_group.patty_moore_auto_scaling_group",
            "aws_internet_gateway.patty_moore_igw",
            "aws_launch_template.patty_moore_webserver_launch_template",
            "aws_lb_target_group.patty_moore_TG",
            "aws_security_group.patty_moore_web_server_sg",
            "aws_subnet.patty_moore_private_app_subnet_az1a",
            "aws_subnet.patty_moore_private_app_subnet_az1b",
            "aws_vpc.patty_moore_vpc"
          ]
        }
      ]
    },
    {
      "mode": "managed",
      "type": "aws_autoscaling_group",
      "name": "patty_moore_auto_scaling_group",
      "provider": "provider[\"registry.terraform.io/hashicorp/aws\"]",
      "instances": [
        {
          "schema_version": 1,
          "attributes": {
            "arn": "arn:aws:autoscaling:us-east-1:203918841420:autoScalingGroup:defb17bf-572e-4d85-ba86-5d2666264338:autoScalingGroupName/dev-asg",
            "availability_zone_distribution": [
              {
                "capacity_distribution_strategy": "balanced-best-effort"
              }
            ],
            "availability_zones": [
              "us-east-1a",
              "us-east-1b"
            ],
            "capacity_rebalance": false,
            "context": "",
            "default_cooldown": 300,
            "default_instance_warmup": 0,
            "desired_capacity": 2,
            "desired_capacity_type": "",
            "enabled_metrics": [],
            "force_delete": false,
            "force_delete_warm_pool": false,
            "health_check_grace_period": 300,
            "health_check_type": "ELB",
            "id": "dev-asg",
            "ignore_failed_scaling_activities": false,
            "initial_lifecycle_hook": [],
            "instance_maintenance_policy": [],
            "instance_refresh": [],
            "launch_configuration": "",
            "launch_template": [
              {
                "id": "lt-0a5274c72057f8f2c",
                "name": "patty-moore-webserver-launch-template",
                "version": "$Latest"
              }
            ],
            "load_balancers": [],
            "max_instance_lifetime": 0,
            "max_size": 4,
            "metrics_granularity": "1Minute",
            "min_elb_capacity": null,
            "min_size": 1,
            "mixed_instances_policy": [],
            "name": "dev-asg",
            "name_prefix": "",
            "placement_group": "",
            "predicted_capacity": 0,
            "protect_from_scale_in": false,
            "service_linked_role_arn": "arn:aws:iam::203918841420:role/aws-service-role/autoscaling.amazonaws.com/AWSServiceRoleForAutoScaling",
            "suspended_processes": [],
            "tag": [
              {
                "key": "Name",
                "propagate_at_launch": true,
                "value": "asg-webserver"
              }
            ],
            "target_group_arns": [
              "arn:aws:elasticloadbalancing:us-east-1:203918841420:targetgroup/patty-moore-TG/560c2d861489415d"
            ],
            "termination_policies": [],
            "timeouts": null,
            "traffic_source": [
              {
                "identifier": "arn:aws:elasticloadbalancing:us-east-1:203918841420:targetgroup/patty-moore-TG/560c2d861489415d",
                "type": "elbv2"
              }
            ],
            "vpc_zone_identifier": [
              "subnet-0006fbb4e083f5ea1",
              "subnet-086926dfcacbe70cb"
            ],
            "wait_for_capacity_timeout": "10m",
            "wait_for_elb_capacity": null,
            "warm_pool": [],
            "warm_pool_size": 0
          },
          "sensitive_attributes": [],
          "private": "eyJlMmJmYjczMC1lY2FhLTExZTYtOGY4OC0zNDM2M2JjN2M0YzAiOnsiZGVsZXRlIjo2MDAwMDAwMDAwMDAsInVwZGF0ZSI6NjAwMDAwMDAwMDAwfSwic2NoZW1hX3ZlcnNpb24iOiIxIn0=",
          "dependencies": [
            "aws_internet_gateway.patty_moore_igw",
            "aws_launch_template.patty_moore_webserver_launch_template",
            "aws_security_group.patty_moore_web_server_sg",
            "aws_subnet.patty_moore_private_app_subnet_az1a",
            "aws_subnet.patty_moore_private_app_subnet_az1b",
            "aws_vpc.patty_moore_vpc"
          ]
        }
      ]
    },
    {
      "mode": "managed",
      "type": "aws_eip",
      "name": "patty_moore_eip_for_nat_gateway",
      "provider": "provider[\"registry.terraform.io/hashicorp/aws\"]",
      "instances": [
        {
          "schema_version": 0,
          "attributes": {
            "address": null,
            "allocation_id": "eipalloc-023d637dce2cc94a4",
            "arn": "arn:aws:ec2:us-east-1:203918841420:elastic-ip/eipalloc-023d637dce2cc94a4",
            "associate_with_private_ip": null,
            "association_id": "eipassoc-0f01d55b3ae8f309d",
            "carrier_ip": "",
            "customer_owned_ip": "",
            "customer_owned_ipv4_pool": "",
            "domain": "vpc",
            "id": "eipalloc-023d637dce2cc94a4",
            "instance": "",
            "ipam_pool_id": null,
            "network_border_group": "us-east-1",
            "network_interface": "eni-03318800bb2554760",
            "private_dns": "ip-10-0-1-207.ec2.internal",
            "private_ip": "10.0.1.207",
            "ptr_record": "",
            "public_dns": "ec2-34-192-41-65.compute-1.amazonaws.com",
            "public_ip": "34.192.41.65",
            "public_ipv4_pool": "amazon",
            "tags": {
              "Name": "patty_moore_eip_for_nat_gateway"
            },
            "tags_all": {
              "Name": "patty_moore_eip_for_nat_gateway"
            },
            "timeouts": null,
            "vpc": true
          },
          "sensitive_attributes": [],
          "private": "eyJlMmJmYjczMC1lY2FhLTExZTYtOGY4OC0zNDM2M2JjN2M0YzAiOnsiZGVsZXRlIjoxODAwMDAwMDAwMDAsInJlYWQiOjkwMDAwMDAwMDAwMCwidXBkYXRlIjozMDAwMDAwMDAwMDB9fQ=="
        }
      ]
    },
    {
      "mode": "managed",
      "type": "aws_internet_gateway",
      "name": "patty_moore_igw",
      "provider": "provider[\"registry.terraform.io/hashicorp/aws\"]",
      "instances": [
        {
          "schema_version": 0,
          "attributes": {
            "arn": "arn:aws:ec2:us-east-1:203918841420:internet-gateway/igw-040cb165a58352001",
            "id": "igw-040cb165a58352001",
            "owner_id": "203918841420",
            "tags": {
              "Name": "patty_moore_IGW"
            },
            "tags_all": {
              "Name": "patty_moore_IGW"
            },
            "timeouts": null,
            "vpc_id": "vpc-0e605f06e421e43f6"
          },
          "sensitive_attributes": [],
          "private": "eyJlMmJmYjczMC1lY2FhLTExZTYtOGY4OC0zNDM2M2JjN2M0YzAiOnsiY3JlYXRlIjoxMjAwMDAwMDAwMDAwLCJkZWxldGUiOjEyMDAwMDAwMDAwMDAsInVwZGF0ZSI6MTIwMDAwMDAwMDAwMH19",
          "dependencies": [
            "aws_vpc.patty_moore_vpc"
          ]
        }
      ]
    },
    {
      "mode": "managed",
      "type": "aws_launch_template",
      "name": "patty_moore_webserver_launch_template",
      "provider": "provider[\"registry.terraform.io/hashicorp/aws\"]",
      "instances": [
        {
          "schema_version": 0,
          "attributes": {
            "arn": "arn:aws:ec2:us-east-1:203918841420:launch-template/lt-0a5274c72057f8f2c",
            "block_device_mappings": [],
            "capacity_reservation_specification": [],
            "cpu_options": [],
            "credit_specification": [],
            "default_version": 1,
            "description": "launch template on asg",
            "disable_api_stop": false,
            "disable_api_termination": false,
            "ebs_optimized": "",
            "elastic_gpu_specifications": [],
            "elastic_inference_accelerator": [],
            "enclave_options": [],
            "hibernation_options": [],
            "iam_instance_profile": [],
            "id": "lt-0a5274c72057f8f2c",
            "image_id": "ami-07a6f770277670015",
            "instance_initiated_shutdown_behavior": "",
            "instance_market_options": [],
            "instance_requirements": [],
            "instance_type": "t2.micro",
            "kernel_id": "",
            "key_name": "debson_keypair",
            "latest_version": 1,
            "license_specification": [],
            "maintenance_options": [],
            "metadata_options": [],
            "monitoring": [
              {
                "enabled": true
              }
            ],
            "name": "patty-moore-webserver-launch-template",
            "name_prefix": "",
            "network_interfaces": [],
            "placement": [],
            "private_dns_name_options": [],
            "ram_disk_id": "",
            "security_group_names": [],
            "tag_specifications": [],
            "tags": {},
            "tags_all": {},
            "update_default_version": null,
            "user_data": "IyEvYmluL2Jhc2gKc3VkbyBzdQp5dW0gdXBkYXRlIC15Cnl1bSBpbnN0YWxsIC15IGh0dHBkIHVuemlwCmNkIC92YXIvd3d3L2h0bWwKd2dldCBodHRwczovL2dpdGh1Yi5jb20vQWhtZWRuYXMyMTEvanVwaXRlci16aXAtZmlsZS9yYXcvbWFpbi9qdXBpdGVyLW1haW4uemlwCnVuemlwIGp1cGl0ZXItbWFpbi56aXAKY3AgLXIganVwaXRlci1tYWluLyogL3Zhci93d3cvaHRtbApybSAtcmYganVwaXRlci1tYWluIGp1cGl0ZXItbWFpbi56aXAKc3lzdGVtY3RsIHN0YXJ0IGh0dHBkCnN5c3RlbWN0bCBlbmFibGUgaHR0cGQK",
            "vpc_security_group_ids": [
              "sg-006d5493ad44c7477"
            ]
          },
          "sensitive_attributes": [],
          "private": "bnVsbA==",
          "dependencies": [
            "aws_security_group.patty_moore_web_server_sg",
            "aws_vpc.patty_moore_vpc"
          ]
        }
      ]
    },
    {
      "mode": "managed",
      "type": "aws_lb",
      "name": "patty_moore_alb",
      "provider": "provider[\"registry.terraform.io/hashicorp/aws\"]",
      "instances": [
        {
          "schema_version": 0,
          "attributes": {
            "access_logs": [
              {
                "bucket": "",
                "enabled": false,
                "prefix": ""
              }
            ],
            "arn": "arn:aws:elasticloadbalancing:us-east-1:203918841420:loadbalancer/app/patty-moore-alb/98361c7efd34d860",
            "arn_suffix": "app/patty-moore-alb/98361c7efd34d860",
            "client_keep_alive": 3600,
            "connection_logs": [
              {
                "bucket": "",
                "enabled": false,
                "prefix": ""
              }
            ],
            "customer_owned_ipv4_pool": "",
            "desync_mitigation_mode": "defensive",
            "dns_name": "patty-moore-alb-779234588.us-east-1.elb.amazonaws.com",
            "dns_record_client_routing_policy": null,
            "drop_invalid_header_fields": false,
            "enable_cross_zone_load_balancing": true,
            "enable_deletion_protection": false,
            "enable_http2": true,
            "enable_tls_version_and_cipher_suite_headers": false,
            "enable_waf_fail_open": false,
            "enable_xff_client_port": false,
            "enable_zonal_shift": false,
            "enforce_security_group_inbound_rules_on_private_link_traffic": "",
            "id": "arn:aws:elasticloadbalancing:us-east-1:203918841420:loadbalancer/app/patty-moore-alb/98361c7efd34d860",
            "idle_timeout": 60,
            "internal": false,
            "ip_address_type": "ipv4",
            "ipam_pools": [],
            "load_balancer_type": "application",
            "name": "patty-moore-alb",
            "name_prefix": "",
            "preserve_host_header": false,
            "security_groups": [
              "sg-05d442a11bee8cfbb"
            ],
            "subnet_mapping": [
              {
                "allocation_id": "",
                "ipv6_address": "",
                "outpost_id": "",
                "private_ipv4_address": "",
                "subnet_id": "subnet-07fa3ffaff05d7aff"
              },
              {
                "allocation_id": "",
                "ipv6_address": "",
                "outpost_id": "",
                "private_ipv4_address": "",
                "subnet_id": "subnet-083080e8d119e49cf"
              }
            ],
            "subnets": [
              "subnet-07fa3ffaff05d7aff",
              "subnet-083080e8d119e49cf"
            ],
            "tags": {
              "Name": "patty-moore-alb"
            },
            "tags_all": {
              "Name": "patty-moore-alb"
            },
            "timeouts": null,
            "vpc_id": "vpc-0e605f06e421e43f6",
            "xff_header_processing_mode": "append",
            "zone_id": "Z35SXDOTRQ7X7K"
          },
          "sensitive_attributes": [],
          "private": "eyJlMmJmYjczMC1lY2FhLTExZTYtOGY4OC0zNDM2M2JjN2M0YzAiOnsiY3JlYXRlIjo2MDAwMDAwMDAwMDAsImRlbGV0ZSI6NjAwMDAwMDAwMDAwLCJ1cGRhdGUiOjYwMDAwMDAwMDAwMH19",
          "dependencies": [
            "aws_internet_gateway.patty_moore_igw",
            "aws_security_group.alb_security_group",
            "aws_subnet.patty_moore_public_subnet_az1a",
            "aws_subnet.patty_moore_public_subnet_az1b",
            "aws_vpc.patty_moore_vpc"
          ]
        }
      ]
    },
    {
      "mode": "managed",
      "type": "aws_lb_listener",
      "name": "patty_moore_alb_http_listener",
      "provider": "provider[\"registry.terraform.io/hashicorp/aws\"]",
      "instances": [
        {
          "schema_version": 0,
          "attributes": {
            "alpn_policy": null,
            "arn": "arn:aws:elasticloadbalancing:us-east-1:203918841420:listener/app/patty-moore-alb/98361c7efd34d860/853a97a7ca98c33b",
            "certificate_arn": null,
            "default_action": [
              {
                "authenticate_cognito": [],
                "authenticate_oidc": [],
                "fixed_response": [],
                "forward": [],
                "order": 1,
                "redirect": [
                  {
                    "host": "#{host}",
                    "path": "/#{path}",
                    "port": "443",
                    "protocol": "HTTPS",
                    "query": "#{query}",
                    "status_code": "HTTP_301"
                  }
                ],
                "target_group_arn": "",
                "type": "redirect"
              }
            ],
            "id": "arn:aws:elasticloadbalancing:us-east-1:203918841420:listener/app/patty-moore-alb/98361c7efd34d860/853a97a7ca98c33b",
            "load_balancer_arn": "arn:aws:elasticloadbalancing:us-east-1:203918841420:loadbalancer/app/patty-moore-alb/98361c7efd34d860",
            "mutual_authentication": [],
            "port": 80,
            "protocol": "HTTP",
            "routing_http_request_x_amzn_mtls_clientcert_header_name": null,
            "routing_http_request_x_amzn_mtls_clientcert_issuer_header_name": null,
            "routing_http_request_x_amzn_mtls_clientcert_leaf_header_name": null,
            "routing_http_request_x_amzn_mtls_clientcert_serial_number_header_name": null,
            "routing_http_request_x_amzn_mtls_clientcert_subject_header_name": null,
            "routing_http_request_x_amzn_mtls_clientcert_validity_header_name": null,
            "routing_http_request_x_amzn_tls_cipher_suite_header_name": null,
            "routing_http_request_x_amzn_tls_version_header_name": null,
            "routing_http_response_access_control_allow_credentials_header_value": "",
            "routing_http_response_access_control_allow_headers_header_value": "",
            "routing_http_response_access_control_allow_methods_header_value": "",
            "routing_http_response_access_control_allow_origin_header_value": "",
            "routing_http_response_access_control_expose_headers_header_value": "",
            "routing_http_response_access_control_max_age_header_value": "",
            "routing_http_response_content_security_policy_header_value": "",
            "routing_http_response_server_enabled": false,
            "routing_http_response_strict_transport_security_header_value": "",
            "routing_http_response_x_content_type_options_header_value": "",
            "routing_http_response_x_frame_options_header_value": "",
            "ssl_policy": "",
            "tags": {},
            "tags_all": {},
            "tcp_idle_timeout_seconds": null,
            "timeouts": null
          },
          "sensitive_attributes": [],
          "private": "eyJlMmJmYjczMC1lY2FhLTExZTYtOGY4OC0zNDM2M2JjN2M0YzAiOnsiY3JlYXRlIjozMDAwMDAwMDAwMDAsInVwZGF0ZSI6MzAwMDAwMDAwMDAwfX0=",
          "dependencies": [
            "aws_internet_gateway.patty_moore_igw",
            "aws_lb.patty_moore_alb",
            "aws_security_group.alb_security_group",
            "aws_subnet.patty_moore_public_subnet_az1a",
            "aws_subnet.patty_moore_public_subnet_az1b",
            "aws_vpc.patty_moore_vpc"
          ]
        }
      ]
    },
    {
      "mode": "managed",
      "type": "aws_lb_listener",
      "name": "patty_moore_alb_https_listener",
      "provider": "provider[\"registry.terraform.io/hashicorp/aws\"]",
      "instances": [
        {
          "schema_version": 0,
          "attributes": {
            "alpn_policy": null,
            "arn": "arn:aws:elasticloadbalancing:us-east-1:203918841420:listener/app/patty-moore-alb/98361c7efd34d860/e17e33e22aa2dcd9",
            "certificate_arn": "arn:aws:acm:us-east-1:203918841420:certificate/d7126e33-d8b6-43a6-b2c1-e308212f1856",
            "default_action": [
              {
                "authenticate_cognito": [],
                "authenticate_oidc": [],
                "fixed_response": [],
                "forward": [],
                "order": 1,
                "redirect": [],
                "target_group_arn": "arn:aws:elasticloadbalancing:us-east-1:203918841420:targetgroup/patty-moore-TG/560c2d861489415d",
                "type": "forward"
              }
            ],
            "id": "arn:aws:elasticloadbalancing:us-east-1:203918841420:listener/app/patty-moore-alb/98361c7efd34d860/e17e33e22aa2dcd9",
            "load_balancer_arn": "arn:aws:elasticloadbalancing:us-east-1:203918841420:loadbalancer/app/patty-moore-alb/98361c7efd34d860",
            "mutual_authentication": [
              {
                "advertise_trust_store_ca_names": "",
                "ignore_client_certificate_expiry": false,
                "mode": "off",
                "trust_store_arn": ""
              }
            ],
            "port": 443,
            "protocol": "HTTPS",
            "routing_http_request_x_amzn_mtls_clientcert_header_name": "",
            "routing_http_request_x_amzn_mtls_clientcert_issuer_header_name": "",
            "routing_http_request_x_amzn_mtls_clientcert_leaf_header_name": "",
            "routing_http_request_x_amzn_mtls_clientcert_serial_number_header_name": "",
            "routing_http_request_x_amzn_mtls_clientcert_subject_header_name": "",
            "routing_http_request_x_amzn_mtls_clientcert_validity_header_name": "",
            "routing_http_request_x_amzn_tls_cipher_suite_header_name": "",
            "routing_http_request_x_amzn_tls_version_header_name": "",
            "routing_http_response_access_control_allow_credentials_header_value": "",
            "routing_http_response_access_control_allow_headers_header_value": "",
            "routing_http_response_access_control_allow_methods_header_value": "",
            "routing_http_response_access_control_allow_origin_header_value": "",
            "routing_http_response_access_control_expose_headers_header_value": "",
            "routing_http_response_access_control_max_age_header_value": "",
            "routing_http_response_content_security_policy_header_value": "",
            "routing_http_response_server_enabled": false,
            "routing_http_response_strict_transport_security_header_value": "",
            "routing_http_response_x_content_type_options_header_value": "",
            "routing_http_response_x_frame_options_header_value": "",
            "ssl_policy": "ELBSecurityPolicy-2016-08",
            "tags": {},
            "tags_all": {},
            "tcp_idle_timeout_seconds": null,
            "timeouts": null
          },
          "sensitive_attributes": [],
          "private": "eyJlMmJmYjczMC1lY2FhLTExZTYtOGY4OC0zNDM2M2JjN2M0YzAiOnsiY3JlYXRlIjozMDAwMDAwMDAwMDAsInVwZGF0ZSI6MzAwMDAwMDAwMDAwfX0=",
          "dependencies": [
            "aws_acm_certificate.ssl_certificate",
            "aws_internet_gateway.patty_moore_igw",
            "aws_lb.patty_moore_alb",
            "aws_lb_target_group.patty_moore_TG",
            "aws_security_group.alb_security_group",
            "aws_subnet.patty_moore_public_subnet_az1a",
            "aws_subnet.patty_moore_public_subnet_az1b",
            "aws_vpc.patty_moore_vpc"
          ]
        }
      ]
    },
    {
      "mode": "managed",
      "type": "aws_lb_target_group",
      "name": "patty_moore_TG",
      "provider": "provider[\"registry.terraform.io/hashicorp/aws\"]",
      "instances": [
        {
          "schema_version": 0,
          "attributes": {
            "arn": "arn:aws:elasticloadbalancing:us-east-1:203918841420:targetgroup/patty-moore-TG/560c2d861489415d",
            "arn_suffix": "targetgroup/patty-moore-TG/560c2d861489415d",
            "connection_termination": null,
            "deregistration_delay": "300",
            "health_check": [
              {
                "enabled": true,
                "healthy_threshold": 5,
                "interval": 30,
                "matcher": "200,301,302",
                "path": "/",
                "port": "80",
                "protocol": "HTTP",
                "timeout": 5,
                "unhealthy_threshold": 2
              }
            ],
            "id": "arn:aws:elasticloadbalancing:us-east-1:203918841420:targetgroup/patty-moore-TG/560c2d861489415d",
            "ip_address_type": "ipv4",
            "lambda_multi_value_headers_enabled": false,
            "load_balancer_arns": [
              "arn:aws:elasticloadbalancing:us-east-1:203918841420:loadbalancer/app/patty-moore-alb/98361c7efd34d860"
            ],
            "load_balancing_algorithm_type": "round_robin",
            "load_balancing_anomaly_mitigation": "off",
            "load_balancing_cross_zone_enabled": "use_load_balancer_configuration",
            "name": "patty-moore-TG",
            "name_prefix": "",
            "port": 80,
            "preserve_client_ip": null,
            "protocol": "HTTP",
            "protocol_version": "HTTP1",
            "proxy_protocol_v2": false,
            "slow_start": 0,
            "stickiness": [
              {
                "cookie_duration": 86400,
                "cookie_name": "",
                "enabled": false,
                "type": "lb_cookie"
              }
            ],
            "tags": {},
            "tags_all": {},
            "target_failover": [
              {
                "on_deregistration": null,
                "on_unhealthy": null
              }
            ],
            "target_group_health": [
              {
                "dns_failover": [
                  {
                    "minimum_healthy_targets_count": "1",
                    "minimum_healthy_targets_percentage": "off"
                  }
                ],
                "unhealthy_state_routing": [
                  {
                    "minimum_healthy_targets_count": 1,
                    "minimum_healthy_targets_percentage": "off"
                  }
                ]
              }
            ],
            "target_health_state": [
              {
                "enable_unhealthy_connection_termination": null,
                "unhealthy_draining_interval": null
              }
            ],
            "target_type": "instance",
            "vpc_id": "vpc-0e605f06e421e43f6"
          },
          "sensitive_attributes": [],
          "private": "bnVsbA==",
          "dependencies": [
            "aws_vpc.patty_moore_vpc"
          ]
        }
      ]
    },
    {
      "mode": "managed",
      "type": "aws_nat_gateway",
      "name": "patty_moore_nat_gateway",
      "provider": "provider[\"registry.terraform.io/hashicorp/aws\"]",
      "instances": [
        {
          "schema_version": 0,
          "attributes": {
            "allocation_id": "eipalloc-023d637dce2cc94a4",
            "association_id": "eipassoc-0f01d55b3ae8f309d",
            "connectivity_type": "public",
            "id": "nat-079d95d4b3a0af946",
            "network_interface_id": "eni-03318800bb2554760",
            "private_ip": "10.0.1.207",
            "public_ip": "34.192.41.65",
            "secondary_allocation_ids": [],
            "secondary_private_ip_address_count": 0,
            "secondary_private_ip_addresses": [],
            "subnet_id": "subnet-07fa3ffaff05d7aff",
            "tags": {
              "Name": "patty_moore_nat_gateway"
            },
            "tags_all": {
              "Name": "patty_moore_nat_gateway"
            },
            "timeouts": null
          },
          "sensitive_attributes": [],
          "private": "eyJlMmJmYjczMC1lY2FhLTExZTYtOGY4OC0zNDM2M2JjN2M0YzAiOnsiY3JlYXRlIjo2MDAwMDAwMDAwMDAsImRlbGV0ZSI6MTgwMDAwMDAwMDAwMCwidXBkYXRlIjo2MDAwMDAwMDAwMDB9fQ==",
          "dependencies": [
            "aws_eip.patty_moore_eip_for_nat_gateway",
            "aws_internet_gateway.patty_moore_igw",
            "aws_subnet.patty_moore_public_subnet_az1a",
            "aws_vpc.patty_moore_vpc"
          ]
        }
      ]
    },
    {
      "mode": "managed",
      "type": "aws_route53_record",
      "name": "cert_validation",
      "provider": "provider[\"registry.terraform.io/hashicorp/aws\"]",
      "instances": [
        {
          "index_key": "*.angelfestuspharmacy.com",
          "schema_version": 2,
          "attributes": {
            "alias": [],
            "allow_overwrite": true,
            "cidr_routing_policy": [],
            "failover_routing_policy": [],
            "fqdn": "_ea7ae932dd838e44ae291dedca55adb6.angelfestuspharmacy.com",
            "geolocation_routing_policy": [],
            "geoproximity_routing_policy": [],
            "health_check_id": "",
            "id": "Z04767642GI5V70LNS8AO__ea7ae932dd838e44ae291dedca55adb6.angelfestuspharmacy.com._CNAME",
            "latency_routing_policy": [],
            "multivalue_answer_routing_policy": false,
            "name": "_ea7ae932dd838e44ae291dedca55adb6.angelfestuspharmacy.com",
            "records": [
              "_7a5cbb650e72fb496e0a3767bee7c81e.zfyfvmchrl.acm-validations.aws."
            ],
            "set_identifier": "",
            "timeouts": null,
            "ttl": 60,
            "type": "CNAME",
            "weighted_routing_policy": [],
            "zone_id": "Z04767642GI5V70LNS8AO"
          },
          "sensitive_attributes": [],
          "private": "eyJlMmJmYjczMC1lY2FhLTExZTYtOGY4OC0zNDM2M2JjN2M0YzAiOnsiY3JlYXRlIjoxODAwMDAwMDAwMDAwLCJkZWxldGUiOjE4MDAwMDAwMDAwMDAsInVwZGF0ZSI6MTgwMDAwMDAwMDAwMH0sInNjaGVtYV92ZXJzaW9uIjoiMiJ9",
          "dependencies": [
            "aws_acm_certificate.ssl_certificate",
            "data.aws_route53_zone.hosted_zone"
          ]
        },
        {
          "index_key": "angelfestuspharmacy.com",
          "schema_version": 2,
          "attributes": {
            "alias": [],
            "allow_overwrite": true,
            "cidr_routing_policy": [],
            "failover_routing_policy": [],
            "fqdn": "_ea7ae932dd838e44ae291dedca55adb6.angelfestuspharmacy.com",
            "geolocation_routing_policy": [],
            "geoproximity_routing_policy": [],
            "health_check_id": "",
            "id": "Z04767642GI5V70LNS8AO__ea7ae932dd838e44ae291dedca55adb6.angelfestuspharmacy.com._CNAME",
            "latency_routing_policy": [],
            "multivalue_answer_routing_policy": false,
            "name": "_ea7ae932dd838e44ae291dedca55adb6.angelfestuspharmacy.com",
            "records": [
              "_7a5cbb650e72fb496e0a3767bee7c81e.zfyfvmchrl.acm-validations.aws."
            ],
            "set_identifier": "",
            "timeouts": null,
            "ttl": 60,
            "type": "CNAME",
            "weighted_routing_policy": [],
            "zone_id": "Z04767642GI5V70LNS8AO"
          },
          "sensitive_attributes": [],
          "private": "eyJlMmJmYjczMC1lY2FhLTExZTYtOGY4OC0zNDM2M2JjN2M0YzAiOnsiY3JlYXRlIjoxODAwMDAwMDAwMDAwLCJkZWxldGUiOjE4MDAwMDAwMDAwMDAsInVwZGF0ZSI6MTgwMDAwMDAwMDAwMH0sInNjaGVtYV92ZXJzaW9uIjoiMiJ9",
          "dependencies": [
            "aws_acm_certificate.ssl_certificate",
            "data.aws_route53_zone.hosted_zone"
          ]
        }
      ]
    },
    {
      "mode": "managed",
      "type": "aws_route53_record",
      "name": "site_domain",
      "provider": "provider[\"registry.terraform.io/hashicorp/aws\"]",
      "instances": [
        {
          "schema_version": 2,
          "attributes": {
            "alias": [
              {
                "evaluate_target_health": true,
                "name": "patty-moore-alb-779234588.us-east-1.elb.amazonaws.com",
                "zone_id": "Z35SXDOTRQ7X7K"
              }
            ],
            "allow_overwrite": null,
            "cidr_routing_policy": [],
            "failover_routing_policy": [],
            "fqdn": "www.angelfestuspharmacy.com",
            "geolocation_routing_policy": [],
            "geoproximity_routing_policy": [],
            "health_check_id": "",
            "id": "Z04767642GI5V70LNS8AO_www_A",
            "latency_routing_policy": [],
            "multivalue_answer_routing_policy": false,
            "name": "www",
            "records": null,
            "set_identifier": "",
            "timeouts": null,
            "ttl": 0,
            "type": "A",
            "weighted_routing_policy": [],
            "zone_id": "Z04767642GI5V70LNS8AO"
          },
          "sensitive_attributes": [],
          "private": "eyJlMmJmYjczMC1lY2FhLTExZTYtOGY4OC0zNDM2M2JjN2M0YzAiOnsiY3JlYXRlIjoxODAwMDAwMDAwMDAwLCJkZWxldGUiOjE4MDAwMDAwMDAwMDAsInVwZGF0ZSI6MTgwMDAwMDAwMDAwMH0sInNjaGVtYV92ZXJzaW9uIjoiMiJ9",
          "dependencies": [
            "aws_internet_gateway.patty_moore_igw",
            "aws_lb.patty_moore_alb",
            "aws_security_group.alb_security_group",
            "aws_subnet.patty_moore_public_subnet_az1a",
            "aws_subnet.patty_moore_public_subnet_az1b",
            "aws_vpc.patty_moore_vpc",
            "data.aws_route53_zone.hosted_zone"
          ]
        }
      ]
    },
    {
      "mode": "managed",
      "type": "aws_route_table",
      "name": "patty_moore_private_app_rt",
      "provider": "provider[\"registry.terraform.io/hashicorp/aws\"]",
      "instances": [
        {
          "schema_version": 0,
          "attributes": {
            "arn": "arn:aws:ec2:us-east-1:203918841420:route-table/rtb-0563468f95a59d47e",
            "id": "rtb-0563468f95a59d47e",
            "owner_id": "203918841420",
            "propagating_vgws": [],
            "route": [
              {
                "carrier_gateway_id": "",
                "cidr_block": "0.0.0.0/0",
                "core_network_arn": "",
                "destination_prefix_list_id": "",
                "egress_only_gateway_id": "",
                "gateway_id": "nat-079d95d4b3a0af946",
                "ipv6_cidr_block": "",
                "local_gateway_id": "",
                "nat_gateway_id": "",
                "network_interface_id": "",
                "transit_gateway_id": "",
                "vpc_endpoint_id": "",
                "vpc_peering_connection_id": ""
              }
            ],
            "tags": {
              "Name": "patty_moore_private_app_rt"
            },
            "tags_all": {
              "Name": "patty_moore_private_app_rt"
            },
            "timeouts": null,
            "vpc_id": "vpc-0e605f06e421e43f6"
          },
          "sensitive_attributes": [],
          "private": "eyJlMmJmYjczMC1lY2FhLTExZTYtOGY4OC0zNDM2M2JjN2M0YzAiOnsiY3JlYXRlIjozMDAwMDAwMDAwMDAsImRlbGV0ZSI6MzAwMDAwMDAwMDAwLCJ1cGRhdGUiOjEyMDAwMDAwMDAwMH19",
          "dependencies": [
            "aws_eip.patty_moore_eip_for_nat_gateway",
            "aws_internet_gateway.patty_moore_igw",
            "aws_nat_gateway.patty_moore_nat_gateway",
            "aws_subnet.patty_moore_public_subnet_az1a",
            "aws_vpc.patty_moore_vpc"
          ]
        }
      ]
    },
    {
      "mode": "managed",
      "type": "aws_route_table",
      "name": "patty_moore_private_data_rt",
      "provider": "provider[\"registry.terraform.io/hashicorp/aws\"]",
      "instances": [
        {
          "schema_version": 0,
          "attributes": {
            "arn": "arn:aws:ec2:us-east-1:203918841420:route-table/rtb-072f366fbefb52b8c",
            "id": "rtb-072f366fbefb52b8c",
            "owner_id": "203918841420",
            "propagating_vgws": [],
            "route": [
              {
                "carrier_gateway_id": "",
                "cidr_block": "0.0.0.0/0",
                "core_network_arn": "",
                "destination_prefix_list_id": "",
                "egress_only_gateway_id": "",
                "gateway_id": "nat-079d95d4b3a0af946",
                "ipv6_cidr_block": "",
                "local_gateway_id": "",
                "nat_gateway_id": "",
                "network_interface_id": "",
                "transit_gateway_id": "",
                "vpc_endpoint_id": "",
                "vpc_peering_connection_id": ""
              }
            ],
            "tags": {
              "Name": "patty_moore_private_data_rt"
            },
            "tags_all": {
              "Name": "patty_moore_private_data_rt"
            },
            "timeouts": null,
            "vpc_id": "vpc-0e605f06e421e43f6"
          },
          "sensitive_attributes": [],
          "private": "eyJlMmJmYjczMC1lY2FhLTExZTYtOGY4OC0zNDM2M2JjN2M0YzAiOnsiY3JlYXRlIjozMDAwMDAwMDAwMDAsImRlbGV0ZSI6MzAwMDAwMDAwMDAwLCJ1cGRhdGUiOjEyMDAwMDAwMDAwMH19",
          "dependencies": [
            "aws_eip.patty_moore_eip_for_nat_gateway",
            "aws_internet_gateway.patty_moore_igw",
            "aws_nat_gateway.patty_moore_nat_gateway",
            "aws_subnet.patty_moore_public_subnet_az1a",
            "aws_vpc.patty_moore_vpc"
          ]
        }
      ]
    },
    {
      "mode": "managed",
      "type": "aws_route_table",
      "name": "patty_moore_public_rt",
      "provider": "provider[\"registry.terraform.io/hashicorp/aws\"]",
      "instances": [
        {
          "schema_version": 0,
          "attributes": {
            "arn": "arn:aws:ec2:us-east-1:203918841420:route-table/rtb-01df6a9b6abf9e7ea",
            "id": "rtb-01df6a9b6abf9e7ea",
            "owner_id": "203918841420",
            "propagating_vgws": [],
            "route": [
              {
                "carrier_gateway_id": "",
                "cidr_block": "0.0.0.0/0",
                "core_network_arn": "",
                "destination_prefix_list_id": "",
                "egress_only_gateway_id": "",
                "gateway_id": "igw-040cb165a58352001",
                "ipv6_cidr_block": "",
                "local_gateway_id": "",
                "nat_gateway_id": "",
                "network_interface_id": "",
                "transit_gateway_id": "",
                "vpc_endpoint_id": "",
                "vpc_peering_connection_id": ""
              }
            ],
            "tags": {
              "Name": "patty_moore_public_rt"
            },
            "tags_all": {
              "Name": "patty_moore_public_rt"
            },
            "timeouts": null,
            "vpc_id": "vpc-0e605f06e421e43f6"
          },
          "sensitive_attributes": [],
          "private": "eyJlMmJmYjczMC1lY2FhLTExZTYtOGY4OC0zNDM2M2JjN2M0YzAiOnsiY3JlYXRlIjozMDAwMDAwMDAwMDAsImRlbGV0ZSI6MzAwMDAwMDAwMDAwLCJ1cGRhdGUiOjEyMDAwMDAwMDAwMH19",
          "dependencies": [
            "aws_internet_gateway.patty_moore_igw",
            "aws_vpc.patty_moore_vpc"
          ]
        }
      ]
    },
    {
      "mode": "managed",
      "type": "aws_route_table_association",
      "name": "private_app_subnet_association_az1a",
      "provider": "provider[\"registry.terraform.io/hashicorp/aws\"]",
      "instances": [
        {
          "schema_version": 0,
          "attributes": {
            "gateway_id": "",
            "id": "rtbassoc-0f82f5a5c3a1fa388",
            "route_table_id": "rtb-0563468f95a59d47e",
            "subnet_id": "subnet-0006fbb4e083f5ea1",
            "timeouts": null
          },
          "sensitive_attributes": [],
          "private": "eyJlMmJmYjczMC1lY2FhLTExZTYtOGY4OC0zNDM2M2JjN2M0YzAiOnsiY3JlYXRlIjozMDAwMDAwMDAwMDAsImRlbGV0ZSI6MzAwMDAwMDAwMDAwLCJ1cGRhdGUiOjEyMDAwMDAwMDAwMH19",
          "dependencies": [
            "aws_eip.patty_moore_eip_for_nat_gateway",
            "aws_internet_gateway.patty_moore_igw",
            "aws_nat_gateway.patty_moore_nat_gateway",
            "aws_route_table.patty_moore_private_app_rt",
            "aws_subnet.patty_moore_private_app_subnet_az1a",
            "aws_subnet.patty_moore_public_subnet_az1a",
            "aws_vpc.patty_moore_vpc"
          ]
        }
      ]
    },
    {
      "mode": "managed",
      "type": "aws_route_table_association",
      "name": "private_app_subnet_association_az1b",
      "provider": "provider[\"registry.terraform.io/hashicorp/aws\"]",
      "instances": [
        {
          "schema_version": 0,
          "attributes": {
            "gateway_id": "",
            "id": "rtbassoc-0be37121e966ce2dd",
            "route_table_id": "rtb-0563468f95a59d47e",
            "subnet_id": "subnet-086926dfcacbe70cb",
            "timeouts": null
          },
          "sensitive_attributes": [],
          "private": "eyJlMmJmYjczMC1lY2FhLTExZTYtOGY4OC0zNDM2M2JjN2M0YzAiOnsiY3JlYXRlIjozMDAwMDAwMDAwMDAsImRlbGV0ZSI6MzAwMDAwMDAwMDAwLCJ1cGRhdGUiOjEyMDAwMDAwMDAwMH19",
          "dependencies": [
            "aws_eip.patty_moore_eip_for_nat_gateway",
            "aws_internet_gateway.patty_moore_igw",
            "aws_nat_gateway.patty_moore_nat_gateway",
            "aws_route_table.patty_moore_private_app_rt",
            "aws_subnet.patty_moore_private_app_subnet_az1b",
            "aws_subnet.patty_moore_public_subnet_az1a",
            "aws_vpc.patty_moore_vpc"
          ]
        }
      ]
    },
    {
      "mode": "managed",
      "type": "aws_route_table_association",
      "name": "private_data_subnet_association_az1a",
      "provider": "provider[\"registry.terraform.io/hashicorp/aws\"]",
      "instances": [
        {
          "schema_version": 0,
          "attributes": {
            "gateway_id": "",
            "id": "rtbassoc-0c69d8cf984d9c3b8",
            "route_table_id": "rtb-072f366fbefb52b8c",
            "subnet_id": "subnet-016e13790b24302ed",
            "timeouts": null
          },
          "sensitive_attributes": [],
          "private": "eyJlMmJmYjczMC1lY2FhLTExZTYtOGY4OC0zNDM2M2JjN2M0YzAiOnsiY3JlYXRlIjozMDAwMDAwMDAwMDAsImRlbGV0ZSI6MzAwMDAwMDAwMDAwLCJ1cGRhdGUiOjEyMDAwMDAwMDAwMH19",
          "dependencies": [
            "aws_eip.patty_moore_eip_for_nat_gateway",
            "aws_internet_gateway.patty_moore_igw",
            "aws_nat_gateway.patty_moore_nat_gateway",
            "aws_route_table.patty_moore_private_data_rt",
            "aws_subnet.patty_moore_private_data_subnet_az1a",
            "aws_subnet.patty_moore_public_subnet_az1a",
            "aws_vpc.patty_moore_vpc"
          ]
        }
      ]
    },
    {
      "mode": "managed",
      "type": "aws_route_table_association",
      "name": "private_data_subnet_association_az1b",
      "provider": "provider[\"registry.terraform.io/hashicorp/aws\"]",
      "instances": [
        {
          "schema_version": 0,
          "attributes": {
            "gateway_id": "",
            "id": "rtbassoc-0eeba9ea738468912",
            "route_table_id": "rtb-072f366fbefb52b8c",
            "subnet_id": "subnet-0aeb2351cd00b80d7",
            "timeouts": null
          },
          "sensitive_attributes": [],
          "private": "eyJlMmJmYjczMC1lY2FhLTExZTYtOGY4OC0zNDM2M2JjN2M0YzAiOnsiY3JlYXRlIjozMDAwMDAwMDAwMDAsImRlbGV0ZSI6MzAwMDAwMDAwMDAwLCJ1cGRhdGUiOjEyMDAwMDAwMDAwMH19",
          "dependencies": [
            "aws_eip.patty_moore_eip_for_nat_gateway",
            "aws_internet_gateway.patty_moore_igw",
            "aws_nat_gateway.patty_moore_nat_gateway",
            "aws_route_table.patty_moore_private_data_rt",
            "aws_subnet.patty_moore_private_data_subnet_az1b",
            "aws_subnet.patty_moore_public_subnet_az1a",
            "aws_vpc.patty_moore_vpc"
          ]
        }
      ]
    },
    {
      "mode": "managed",
      "type": "aws_route_table_association",
      "name": "public_subnet_association_az1a",
      "provider": "provider[\"registry.terraform.io/hashicorp/aws\"]",
      "instances": [
        {
          "schema_version": 0,
          "attributes": {
            "gateway_id": "",
            "id": "rtbassoc-0f6738f8471248b33",
            "route_table_id": "rtb-01df6a9b6abf9e7ea",
            "subnet_id": "subnet-07fa3ffaff05d7aff",
            "timeouts": null
          },
          "sensitive_attributes": [],
          "private": "eyJlMmJmYjczMC1lY2FhLTExZTYtOGY4OC0zNDM2M2JjN2M0YzAiOnsiY3JlYXRlIjozMDAwMDAwMDAwMDAsImRlbGV0ZSI6MzAwMDAwMDAwMDAwLCJ1cGRhdGUiOjEyMDAwMDAwMDAwMH19",
          "dependencies": [
            "aws_internet_gateway.patty_moore_igw",
            "aws_route_table.patty_moore_public_rt",
            "aws_subnet.patty_moore_public_subnet_az1a",
            "aws_vpc.patty_moore_vpc"
          ]
        }
      ]
    },
    {
      "mode": "managed",
      "type": "aws_route_table_association",
      "name": "public_subnet_association_az1b",
      "provider": "provider[\"registry.terraform.io/hashicorp/aws\"]",
      "instances": [
        {
          "schema_version": 0,
          "attributes": {
            "gateway_id": "",
            "id": "rtbassoc-0d3203af4d9abfd1e",
            "route_table_id": "rtb-01df6a9b6abf9e7ea",
            "subnet_id": "subnet-083080e8d119e49cf",
            "timeouts": null
          },
          "sensitive_attributes": [],
          "private": "eyJlMmJmYjczMC1lY2FhLTExZTYtOGY4OC0zNDM2M2JjN2M0YzAiOnsiY3JlYXRlIjozMDAwMDAwMDAwMDAsImRlbGV0ZSI6MzAwMDAwMDAwMDAwLCJ1cGRhdGUiOjEyMDAwMDAwMDAwMH19",
          "dependencies": [
            "aws_internet_gateway.patty_moore_igw",
            "aws_route_table.patty_moore_public_rt",
            "aws_subnet.patty_moore_public_subnet_az1b",
            "aws_vpc.patty_moore_vpc"
          ]
        }
      ]
    },
    {
      "mode": "managed",
      "type": "aws_security_group",
      "name": "alb_security_group",
      "provider": "provider[\"registry.terraform.io/hashicorp/aws\"]",
      "instances": [
        {
          "schema_version": 1,
          "attributes": {
            "arn": "arn:aws:ec2:us-east-1:203918841420:security-group/sg-05d442a11bee8cfbb",
            "description": "enable http/https access on port 80/443",
            "egress": [
              {
                "cidr_blocks": [
                  "0.0.0.0/0"
                ],
                "description": "",
                "from_port": 0,
                "ipv6_cidr_blocks": [],
                "prefix_list_ids": [],
                "protocol": "-1",
                "security_groups": [],
                "self": false,
                "to_port": 0
              }
            ],
            "id": "sg-05d442a11bee8cfbb",
            "ingress": [
              {
                "cidr_blocks": [
                  "0.0.0.0/0"
                ],
                "description": "http access",
                "from_port": 80,
                "ipv6_cidr_blocks": [],
                "prefix_list_ids": [],
                "protocol": "tcp",
                "security_groups": [],
                "self": false,
                "to_port": 80
              },
              {
                "cidr_blocks": [
                  "0.0.0.0/0"
                ],
                "description": "https access",
                "from_port": 443,
                "ipv6_cidr_blocks": [],
                "prefix_list_ids": [],
                "protocol": "tcp",
                "security_groups": [],
                "self": false,
                "to_port": 443
              }
            ],
            "name": "patty_moore_alb_SG",
            "name_prefix": "",
            "owner_id": "203918841420",
            "revoke_rules_on_delete": false,
            "tags": {
              "Name": "patty_moore_alb_SG"
            },
            "tags_all": {
              "Name": "patty_moore_alb_SG"
            },
            "timeouts": null,
            "vpc_id": "vpc-0e605f06e421e43f6"
          },
          "sensitive_attributes": [],
          "private": "eyJlMmJmYjczMC1lY2FhLTExZTYtOGY4OC0zNDM2M2JjN2M0YzAiOnsiY3JlYXRlIjo2MDAwMDAwMDAwMDAsImRlbGV0ZSI6OTAwMDAwMDAwMDAwfSwic2NoZW1hX3ZlcnNpb24iOiIxIn0=",
          "dependencies": [
            "aws_vpc.patty_moore_vpc"
          ]
        }
      ]
    },
    {
      "mode": "managed",
      "type": "aws_security_group",
      "name": "patty_moore_web_server_sg",
      "provider": "provider[\"registry.terraform.io/hashicorp/aws\"]",
      "instances": [
        {
          "schema_version": 1,
          "attributes": {
            "arn": "arn:aws:ec2:us-east-1:203918841420:security-group/sg-006d5493ad44c7477",
            "description": "Allow Internet access to the web server http port 80",
            "egress": [
              {
                "cidr_blocks": [
                  "0.0.0.0/0"
                ],
                "description": "",
                "from_port": 0,
                "ipv6_cidr_blocks": [],
                "prefix_list_ids": [],
                "protocol": "-1",
                "security_groups": [],
                "self": false,
                "to_port": 0
              }
            ],
            "id": "sg-006d5493ad44c7477",
            "ingress": [
              {
                "cidr_blocks": [
                  "0.0.0.0/0"
                ],
                "description": "Allow HTTP access from the Internet",
                "from_port": 80,
                "ipv6_cidr_blocks": [],
                "prefix_list_ids": [],
                "protocol": "tcp",
                "security_groups": [],
                "self": false,
                "to_port": 80
              }
            ],
            "name": "patty-moore-sg",
            "name_prefix": "",
            "owner_id": "203918841420",
            "revoke_rules_on_delete": false,
            "tags": {
              "Name": "patty-moore-web-server-SG"
            },
            "tags_all": {
              "Name": "patty-moore-web-server-SG"
            },
            "timeouts": null,
            "vpc_id": "vpc-0e605f06e421e43f6"
          },
          "sensitive_attributes": [],
          "private": "eyJlMmJmYjczMC1lY2FhLTExZTYtOGY4OC0zNDM2M2JjN2M0YzAiOnsiY3JlYXRlIjo2MDAwMDAwMDAwMDAsImRlbGV0ZSI6OTAwMDAwMDAwMDAwfSwic2NoZW1hX3ZlcnNpb24iOiIxIn0=",
          "dependencies": [
            "aws_vpc.patty_moore_vpc"
          ]
        }
      ]
    },
    {
      "mode": "managed",
      "type": "aws_subnet",
      "name": "patty_moore_private_app_subnet_az1a",
      "provider": "provider[\"registry.terraform.io/hashicorp/aws\"]",
      "instances": [
        {
          "schema_version": 1,
          "attributes": {
            "arn": "arn:aws:ec2:us-east-1:203918841420:subnet/subnet-0006fbb4e083f5ea1",
            "assign_ipv6_address_on_creation": false,
            "availability_zone": "us-east-1a",
            "availability_zone_id": "use1-az1",
            "cidr_block": "10.0.3.0/24",
            "customer_owned_ipv4_pool": "",
            "enable_dns64": false,
            "enable_lni_at_device_index": 0,
            "enable_resource_name_dns_a_record_on_launch": false,
            "enable_resource_name_dns_aaaa_record_on_launch": false,
            "id": "subnet-0006fbb4e083f5ea1",
            "ipv6_cidr_block": "",
            "ipv6_cidr_block_association_id": "",
            "ipv6_native": false,
            "map_customer_owned_ip_on_launch": false,
            "map_public_ip_on_launch": false,
            "outpost_arn": "",
            "owner_id": "203918841420",
            "private_dns_hostname_type_on_launch": "ip-name",
            "tags": {
              "Name": "patty_moore_private_app_subnet_az1a"
            },
            "tags_all": {
              "Name": "patty_moore_private_app_subnet_az1a"
            },
            "timeouts": null,
            "vpc_id": "vpc-0e605f06e421e43f6"
          },
          "sensitive_attributes": [],
          "private": "eyJlMmJmYjczMC1lY2FhLTExZTYtOGY4OC0zNDM2M2JjN2M0YzAiOnsiY3JlYXRlIjo2MDAwMDAwMDAwMDAsImRlbGV0ZSI6MTIwMDAwMDAwMDAwMH0sInNjaGVtYV92ZXJzaW9uIjoiMSJ9",
          "dependencies": [
            "aws_internet_gateway.patty_moore_igw",
            "aws_vpc.patty_moore_vpc"
          ]
        }
      ]
    },
    {
      "mode": "managed",
      "type": "aws_subnet",
      "name": "patty_moore_private_app_subnet_az1b",
      "provider": "provider[\"registry.terraform.io/hashicorp/aws\"]",
      "instances": [
        {
          "schema_version": 1,
          "attributes": {
            "arn": "arn:aws:ec2:us-east-1:203918841420:subnet/subnet-086926dfcacbe70cb",
            "assign_ipv6_address_on_creation": false,
            "availability_zone": "us-east-1b",
            "availability_zone_id": "use1-az2",
            "cidr_block": "10.0.4.0/24",
            "customer_owned_ipv4_pool": "",
            "enable_dns64": false,
            "enable_lni_at_device_index": 0,
            "enable_resource_name_dns_a_record_on_launch": false,
            "enable_resource_name_dns_aaaa_record_on_launch": false,
            "id": "subnet-086926dfcacbe70cb",
            "ipv6_cidr_block": "",
            "ipv6_cidr_block_association_id": "",
            "ipv6_native": false,
            "map_customer_owned_ip_on_launch": false,
            "map_public_ip_on_launch": false,
            "outpost_arn": "",
            "owner_id": "203918841420",
            "private_dns_hostname_type_on_launch": "ip-name",
            "tags": {
              "Name": "patty_moore_private_app_subnet_az1b"
            },
            "tags_all": {
              "Name": "patty_moore_private_app_subnet_az1b"
            },
            "timeouts": null,
            "vpc_id": "vpc-0e605f06e421e43f6"
          },
          "sensitive_attributes": [],
          "private": "eyJlMmJmYjczMC1lY2FhLTExZTYtOGY4OC0zNDM2M2JjN2M0YzAiOnsiY3JlYXRlIjo2MDAwMDAwMDAwMDAsImRlbGV0ZSI6MTIwMDAwMDAwMDAwMH0sInNjaGVtYV92ZXJzaW9uIjoiMSJ9",
          "dependencies": [
            "aws_internet_gateway.patty_moore_igw",
            "aws_vpc.patty_moore_vpc"
          ]
        }
      ]
    },
    {
      "mode": "managed",
      "type": "aws_subnet",
      "name": "patty_moore_private_data_subnet_az1a",
      "provider": "provider[\"registry.terraform.io/hashicorp/aws\"]",
      "instances": [
        {
          "schema_version": 1,
          "attributes": {
            "arn": "arn:aws:ec2:us-east-1:203918841420:subnet/subnet-016e13790b24302ed",
            "assign_ipv6_address_on_creation": false,
            "availability_zone": "us-east-1a",
            "availability_zone_id": "use1-az1",
            "cidr_block": "10.0.5.0/24",
            "customer_owned_ipv4_pool": "",
            "enable_dns64": false,
            "enable_lni_at_device_index": 0,
            "enable_resource_name_dns_a_record_on_launch": false,
            "enable_resource_name_dns_aaaa_record_on_launch": false,
            "id": "subnet-016e13790b24302ed",
            "ipv6_cidr_block": "",
            "ipv6_cidr_block_association_id": "",
            "ipv6_native": false,
            "map_customer_owned_ip_on_launch": false,
            "map_public_ip_on_launch": false,
            "outpost_arn": "",
            "owner_id": "203918841420",
            "private_dns_hostname_type_on_launch": "ip-name",
            "tags": {
              "Name": "patty_moore_private_data_subnet_az1a"
            },
            "tags_all": {
              "Name": "patty_moore_private_data_subnet_az1a"
            },
            "timeouts": null,
            "vpc_id": "vpc-0e605f06e421e43f6"
          },
          "sensitive_attributes": [],
          "private": "eyJlMmJmYjczMC1lY2FhLTExZTYtOGY4OC0zNDM2M2JjN2M0YzAiOnsiY3JlYXRlIjo2MDAwMDAwMDAwMDAsImRlbGV0ZSI6MTIwMDAwMDAwMDAwMH0sInNjaGVtYV92ZXJzaW9uIjoiMSJ9",
          "dependencies": [
            "aws_internet_gateway.patty_moore_igw",
            "aws_vpc.patty_moore_vpc"
          ]
        }
      ]
    },
    {
      "mode": "managed",
      "type": "aws_subnet",
      "name": "patty_moore_private_data_subnet_az1b",
      "provider": "provider[\"registry.terraform.io/hashicorp/aws\"]",
      "instances": [
        {
          "schema_version": 1,
          "attributes": {
            "arn": "arn:aws:ec2:us-east-1:203918841420:subnet/subnet-0aeb2351cd00b80d7",
            "assign_ipv6_address_on_creation": false,
            "availability_zone": "us-east-1b",
            "availability_zone_id": "use1-az2",
            "cidr_block": "10.0.6.0/24",
            "customer_owned_ipv4_pool": "",
            "enable_dns64": false,
            "enable_lni_at_device_index": 0,
            "enable_resource_name_dns_a_record_on_launch": false,
            "enable_resource_name_dns_aaaa_record_on_launch": false,
            "id": "subnet-0aeb2351cd00b80d7",
            "ipv6_cidr_block": "",
            "ipv6_cidr_block_association_id": "",
            "ipv6_native": false,
            "map_customer_owned_ip_on_launch": false,
            "map_public_ip_on_launch": false,
            "outpost_arn": "",
            "owner_id": "203918841420",
            "private_dns_hostname_type_on_launch": "ip-name",
            "tags": {
              "Name": "patty_moore_private_data_subnet_az1b"
            },
            "tags_all": {
              "Name": "patty_moore_private_data_subnet_az1b"
            },
            "timeouts": null,
            "vpc_id": "vpc-0e605f06e421e43f6"
          },
          "sensitive_attributes": [],
          "private": "eyJlMmJmYjczMC1lY2FhLTExZTYtOGY4OC0zNDM2M2JjN2M0YzAiOnsiY3JlYXRlIjo2MDAwMDAwMDAwMDAsImRlbGV0ZSI6MTIwMDAwMDAwMDAwMH0sInNjaGVtYV92ZXJzaW9uIjoiMSJ9",
          "dependencies": [
            "aws_internet_gateway.patty_moore_igw",
            "aws_vpc.patty_moore_vpc"
          ]
        }
      ]
    },
    {
      "mode": "managed",
      "type": "aws_subnet",
      "name": "patty_moore_public_subnet_az1a",
      "provider": "provider[\"registry.terraform.io/hashicorp/aws\"]",
      "instances": [
        {
          "schema_version": 1,
          "attributes": {
            "arn": "arn:aws:ec2:us-east-1:203918841420:subnet/subnet-07fa3ffaff05d7aff",
            "assign_ipv6_address_on_creation": false,
            "availability_zone": "us-east-1a",
            "availability_zone_id": "use1-az1",
            "cidr_block": "10.0.1.0/24",
            "customer_owned_ipv4_pool": "",
            "enable_dns64": false,
            "enable_lni_at_device_index": 0,
            "enable_resource_name_dns_a_record_on_launch": false,
            "enable_resource_name_dns_aaaa_record_on_launch": false,
            "id": "subnet-07fa3ffaff05d7aff",
            "ipv6_cidr_block": "",
            "ipv6_cidr_block_association_id": "",
            "ipv6_native": false,
            "map_customer_owned_ip_on_launch": false,
            "map_public_ip_on_launch": true,
            "outpost_arn": "",
            "owner_id": "203918841420",
            "private_dns_hostname_type_on_launch": "ip-name",
            "tags": {
              "Name": "patty_moore_public_subnet_az1a"
            },
            "tags_all": {
              "Name": "patty_moore_public_subnet_az1a"
            },
            "timeouts": null,
            "vpc_id": "vpc-0e605f06e421e43f6"
          },
          "sensitive_attributes": [],
          "private": "eyJlMmJmYjczMC1lY2FhLTExZTYtOGY4OC0zNDM2M2JjN2M0YzAiOnsiY3JlYXRlIjo2MDAwMDAwMDAwMDAsImRlbGV0ZSI6MTIwMDAwMDAwMDAwMH0sInNjaGVtYV92ZXJzaW9uIjoiMSJ9",
          "dependencies": [
            "aws_internet_gateway.patty_moore_igw",
            "aws_vpc.patty_moore_vpc"
          ]
        }
      ]
    },
    {
      "mode": "managed",
      "type": "aws_subnet",
      "name": "patty_moore_public_subnet_az1b",
      "provider": "provider[\"registry.terraform.io/hashicorp/aws\"]",
      "instances": [
        {
          "schema_version": 1,
          "attributes": {
            "arn": "arn:aws:ec2:us-east-1:203918841420:subnet/subnet-083080e8d119e49cf",
            "assign_ipv6_address_on_creation": false,
            "availability_zone": "us-east-1b",
            "availability_zone_id": "use1-az2",
            "cidr_block": "10.0.2.0/24",
            "customer_owned_ipv4_pool": "",
            "enable_dns64": false,
            "enable_lni_at_device_index": 0,
            "enable_resource_name_dns_a_record_on_launch": false,
            "enable_resource_name_dns_aaaa_record_on_launch": false,
            "id": "subnet-083080e8d119e49cf",
            "ipv6_cidr_block": "",
            "ipv6_cidr_block_association_id": "",
            "ipv6_native": false,
            "map_customer_owned_ip_on_launch": false,
            "map_public_ip_on_launch": true,
            "outpost_arn": "",
            "owner_id": "203918841420",
            "private_dns_hostname_type_on_launch": "ip-name",
            "tags": {
              "Name": "patty_moore_public_subnet_az1b"
            },
            "tags_all": {
              "Name": "patty_moore_public_subnet_az1b"
            },
            "timeouts": null,
            "vpc_id": "vpc-0e605f06e421e43f6"
          },
          "sensitive_attributes": [],
          "private": "eyJlMmJmYjczMC1lY2FhLTExZTYtOGY4OC0zNDM2M2JjN2M0YzAiOnsiY3JlYXRlIjo2MDAwMDAwMDAwMDAsImRlbGV0ZSI6MTIwMDAwMDAwMDAwMH0sInNjaGVtYV92ZXJzaW9uIjoiMSJ9",
          "dependencies": [
            "aws_internet_gateway.patty_moore_igw",
            "aws_vpc.patty_moore_vpc"
          ]
        }
      ]
    },
    {
      "mode": "managed",
      "type": "aws_vpc",
      "name": "patty_moore_vpc",
      "provider": "provider[\"registry.terraform.io/hashicorp/aws\"]",
      "instances": [
        {
          "schema_version": 1,
          "attributes": {
            "arn": "arn:aws:ec2:us-east-1:203918841420:vpc/vpc-0e605f06e421e43f6",
            "assign_generated_ipv6_cidr_block": false,
            "cidr_block": "10.0.0.0/16",
            "default_network_acl_id": "acl-0bbf1fbb4b2926b57",
            "default_route_table_id": "rtb-052f52c8552099391",
            "default_security_group_id": "sg-0f957cdd6f5dd4929",
            "dhcp_options_id": "dopt-03ee71b1cc8f1b084",
            "enable_dns_hostnames": true,
            "enable_dns_support": true,
            "enable_network_address_usage_metrics": false,
            "id": "vpc-0e605f06e421e43f6",
            "instance_tenancy": "default",
            "ipv4_ipam_pool_id": null,
            "ipv4_netmask_length": null,
            "ipv6_association_id": "",
            "ipv6_cidr_block": "",
            "ipv6_cidr_block_network_border_group": "",
            "ipv6_ipam_pool_id": "",
            "ipv6_netmask_length": 0,
            "main_route_table_id": "rtb-052f52c8552099391",
            "owner_id": "203918841420",
            "tags": {
              "Name": "patty_moore_vpc"
            },
            "tags_all": {
              "Name": "patty_moore_vpc"
            }
          },
          "sensitive_attributes": [],
          "private": "eyJzY2hlbWFfdmVyc2lvbiI6IjEifQ=="
        }
      ]
    }
  ],
  "check_results": null
}
